
Microsoft Visual Studio Solution File, Format Version 12.00
# Visual Studio Version 17
VisualStudioVersion = 17.4.33110.190
MinimumVisualStudioVersion = 10.0.40219.1
Project("{FAE04EC0-301F-11D3-BF4B-00C04F79EFBC}") = "HolidayPlanner", "HolidayPlanner\HolidayPlanner.csproj", "{7127EA0C-04BB-4A21-8FE3-99D21ECB1F8C}"
EndProject
Project("{2150E333-8FDC-42A3-9474-1A3956D46DE8}") = "UnitTests", "UnitTests", "{A0D32F15-BEF6-4BC8-9FDE-833425C330B2}"
EndProject
Project("{FAE04EC0-301F-11D3-BF4B-00C04F79EFBC}") = "HolidayPlanner.UnitTests", "HolidayPlanner.UnitTests\HolidayPlanner.UnitTests.csproj", "{219005F1-5FEB-4A3D-8C88-4656ED681D47}"
EndProject
Global
	GlobalSection(SolutionConfigurationPlatforms) = preSolution
		Debug|Any CPU = Debug|Any CPU
		Release|Any CPU = Release|Any CPU
	EndGlobalSection
	GlobalSection(ProjectConfigurationPlatforms) = postSolution
		{7127EA0C-04BB-4A21-8FE3-99D21ECB1F8C}.Debug|Any CPU.ActiveCfg = Debug|Any CPU
		{7127EA0C-04BB-4A21-8FE3-99D21ECB1F8C}.Debug|Any CPU.Build.0 = Debug|Any CPU
		{7127EA0C-04BB-4A21-8FE3-99D21ECB1F8C}.Release|Any CPU.ActiveCfg = Release|Any CPU
		{7127EA0C-04BB-4A21-8FE3-99D21ECB1F8C}.Release|Any CPU.Build.0 = Release|Any CPU
		{219005F1-5FEB-4A3D-8C88-4656ED681D47}.Debug|Any CPU.ActiveCfg = Debug|Any CPU
		{219005F1-5FEB-4A3D-8C88-4656ED681D47}.Debug|Any CPU.Build.0 = Debug|Any CPU
		{219005F1-5FEB-4A3D-8C88-4656ED681D47}.Release|Any CPU.ActiveCfg = Release|Any CPU
		{219005F1-5FEB-4A3D-8C88-4656ED681D47}.Release|Any CPU.Build.0 = Release|Any CPU
	EndGlobalSection
	GlobalSection(SolutionProperties) = preSolution
		HideSolutionNode = FALSE
	EndGlobalSection
	GlobalSection(NestedProjects) = preSolution
		{219005F1-5FEB-4A3D-8C88-4656ED681D47} = {A0D32F15-BEF6-4BC8-9FDE-833425C330B2}
	EndGlobalSection
	GlobalSection(ExtensibilityGlobals) = postSolution
		SolutionGuid = {8455CB6D-796B-4D9F-8D0B-FB75494F82AB}
	EndGlobalSection
EndGlobal
